
Microsoft Visual Studio Solution File, Format Version 12.00
# Visual Studio Version 17
VisualStudioVersion = 17.8.34330.188
MinimumVisualStudioVersion = 10.0.40219.1
Project("{9A19103F-16F7-4668-BE54-9A1E7A4F7556}") = "HDIWebApi", "HDIWebApi\HDIWebApi.csproj", "{8350A130-A45E-4E10-95A4-7076D2701681}"
EndProject
Project("{2150E333-8FDC-42A3-9474-1A3956D46DE8}") = "Modules", "Modules", "{897F3C5B-0585-4879-9559-A0A3C84B5EB0}"
EndProject
Project("{2150E333-8FDC-42A3-9474-1A3956D46DE8}") = "AuthModule", "AuthModule", "{B18A9E16-EC0A-4C6F-A095-8BBD46973EC9}"
EndProject
Project("{9A19103F-16F7-4668-BE54-9A1E7A4F7556}") = "Auth.Api", "Auth.Api\Auth.Api.csproj", "{8F4BDE94-3CB0-4CD4-95BA-3C03FAA3B78A}"
EndProject
Project("{9A19103F-16F7-4668-BE54-9A1E7A4F7556}") = "Auth.Core", "Auth.Core\Auth.Core.csproj", "{9F3DA8D6-97D1-4A07-8DFF-940C985F49AE}"
EndProject
Project("{2150E333-8FDC-42A3-9474-1A3956D46DE8}") = "SurveyModule", "SurveyModule", "{6ADBBBD5-6F0E-4883-AAD3-C903F67E6BF9}"
EndProject
Project("{FAE04EC0-301F-11D3-BF4B-00C04F79EFBC}") = "Survey.Api", "Survey.Api\Survey.Api.csproj", "{19D9EE07-378B-41C0-BC23-A845EC847AEE}"
EndProject
Project("{FAE04EC0-301F-11D3-BF4B-00C04F79EFBC}") = "Survey.Core", "Survey.Core\Survey.Core.csproj", "{7E11ED91-81E3-4F12-8620-C7EEACF8D9B7}"
EndProject
Global
	GlobalSection(SolutionConfigurationPlatforms) = preSolution
		Debug|Any CPU = Debug|Any CPU
		Release|Any CPU = Release|Any CPU
	EndGlobalSection
	GlobalSection(ProjectConfigurationPlatforms) = postSolution
		{8350A130-A45E-4E10-95A4-7076D2701681}.Debug|Any CPU.ActiveCfg = Debug|Any CPU
		{8350A130-A45E-4E10-95A4-7076D2701681}.Debug|Any CPU.Build.0 = Debug|Any CPU
		{8350A130-A45E-4E10-95A4-7076D2701681}.Release|Any CPU.ActiveCfg = Release|Any CPU
		{8350A130-A45E-4E10-95A4-7076D2701681}.Release|Any CPU.Build.0 = Release|Any CPU
		{8F4BDE94-3CB0-4CD4-95BA-3C03FAA3B78A}.Debug|Any CPU.ActiveCfg = Debug|Any CPU
		{8F4BDE94-3CB0-4CD4-95BA-3C03FAA3B78A}.Debug|Any CPU.Build.0 = Debug|Any CPU
		{8F4BDE94-3CB0-4CD4-95BA-3C03FAA3B78A}.Release|Any CPU.ActiveCfg = Release|Any CPU
		{8F4BDE94-3CB0-4CD4-95BA-3C03FAA3B78A}.Release|Any CPU.Build.0 = Release|Any CPU
		{9F3DA8D6-97D1-4A07-8DFF-940C985F49AE}.Debug|Any CPU.ActiveCfg = Debug|Any CPU
		{9F3DA8D6-97D1-4A07-8DFF-940C985F49AE}.Debug|Any CPU.Build.0 = Debug|Any CPU
		{9F3DA8D6-97D1-4A07-8DFF-940C985F49AE}.Release|Any CPU.ActiveCfg = Release|Any CPU
		{9F3DA8D6-97D1-4A07-8DFF-940C985F49AE}.Release|Any CPU.Build.0 = Release|Any CPU
		{19D9EE07-378B-41C0-BC23-A845EC847AEE}.Debug|Any CPU.ActiveCfg = Debug|Any CPU
		{19D9EE07-378B-41C0-BC23-A845EC847AEE}.Debug|Any CPU.Build.0 = Debug|Any CPU
		{19D9EE07-378B-41C0-BC23-A845EC847AEE}.Release|Any CPU.ActiveCfg = Release|Any CPU
		{19D9EE07-378B-41C0-BC23-A845EC847AEE}.Release|Any CPU.Build.0 = Release|Any CPU
		{7E11ED91-81E3-4F12-8620-C7EEACF8D9B7}.Debug|Any CPU.ActiveCfg = Debug|Any CPU
		{7E11ED91-81E3-4F12-8620-C7EEACF8D9B7}.Debug|Any CPU.Build.0 = Debug|Any CPU
		{7E11ED91-81E3-4F12-8620-C7EEACF8D9B7}.Release|Any CPU.ActiveCfg = Release|Any CPU
		{7E11ED91-81E3-4F12-8620-C7EEACF8D9B7}.Release|Any CPU.Build.0 = Release|Any CPU
	EndGlobalSection
	GlobalSection(SolutionProperties) = preSolution
		HideSolutionNode = FALSE
	EndGlobalSection
	GlobalSection(NestedProjects) = preSolution
		{B18A9E16-EC0A-4C6F-A095-8BBD46973EC9} = {897F3C5B-0585-4879-9559-A0A3C84B5EB0}
		{8F4BDE94-3CB0-4CD4-95BA-3C03FAA3B78A} = {B18A9E16-EC0A-4C6F-A095-8BBD46973EC9}
		{9F3DA8D6-97D1-4A07-8DFF-940C985F49AE} = {B18A9E16-EC0A-4C6F-A095-8BBD46973EC9}
		{6ADBBBD5-6F0E-4883-AAD3-C903F67E6BF9} = {897F3C5B-0585-4879-9559-A0A3C84B5EB0}
		{19D9EE07-378B-41C0-BC23-A845EC847AEE} = {6ADBBBD5-6F0E-4883-AAD3-C903F67E6BF9}
		{7E11ED91-81E3-4F12-8620-C7EEACF8D9B7} = {6ADBBBD5-6F0E-4883-AAD3-C903F67E6BF9}
	EndGlobalSection
	GlobalSection(ExtensibilityGlobals) = postSolution
		SolutionGuid = {E68FDE73-3AAD-4153-9E92-FA1C1B877DC3}
	EndGlobalSection
EndGlobal
